
Microsoft Visual Studio Solution File, Format Version 12.00
# Visual Studio 15
VisualStudioVersion = 15.0.27004.2005
MinimumVisualStudioVersion = 10.0.40219.1
Project("{FAE04EC0-301F-11D3-BF4B-00C04F79EFBC}") = "Pet_App.Android", "Pet App\Pet_App.Android\Pet_App.Android.csproj", "{A5525557-1471-4E20-A850-7F727F166F3F}"
EndProject
Project("{FAE04EC0-301F-11D3-BF4B-00C04F79EFBC}") = "Pet_App", "Pet App\Pet_App\Pet_App.csproj", "{0D152A23-10A5-457E-A99A-250FF68F77C0}"
EndProject
Project("{FAE04EC0-301F-11D3-BF4B-00C04F79EFBC}") = "Pet_App.UWP", "Pet App\Pet_App.UWP\Pet_App.UWP.csproj", "{A0619CED-866F-4F48-A472-A338C8EC14AA}"
EndProject
Project("{FAE04EC0-301F-11D3-BF4B-00C04F79EFBC}") = "Pet_App.iOS", "Pet App\Pet_App.iOS\Pet_App.iOS.csproj", "{8DB9056F-7636-4BC8-99B0-CF7446FE85CE}"
EndProject
Global
	GlobalSection(SolutionConfigurationPlatforms) = preSolution
		Ad-Hoc|Any CPU = Ad-Hoc|Any CPU
		Ad-Hoc|ARM = Ad-Hoc|ARM
		Ad-Hoc|iPhone = Ad-Hoc|iPhone
		Ad-Hoc|iPhoneSimulator = Ad-Hoc|iPhoneSimulator
		Ad-Hoc|x64 = Ad-Hoc|x64
		Ad-Hoc|x86 = Ad-Hoc|x86
		AppStore|Any CPU = AppStore|Any CPU
		AppStore|ARM = AppStore|ARM
		AppStore|iPhone = AppStore|iPhone
		AppStore|iPhoneSimulator = AppStore|iPhoneSimulator
		AppStore|x64 = AppStore|x64
		AppStore|x86 = AppStore|x86
		Debug|Any CPU = Debug|Any CPU
		Debug|ARM = Debug|ARM
		Debug|iPhone = Debug|iPhone
		Debug|iPhoneSimulator = Debug|iPhoneSimulator
		Debug|x64 = Debug|x64
		Debug|x86 = Debug|x86
		Release|Any CPU = Release|Any CPU
		Release|ARM = Release|ARM
		Release|iPhone = Release|iPhone
		Release|iPhoneSimulator = Release|iPhoneSimulator
		Release|x64 = Release|x64
		Release|x86 = Release|x86
	EndGlobalSection
	GlobalSection(ProjectConfigurationPlatforms) = postSolution
		{A5525557-1471-4E20-A850-7F727F166F3F}.Ad-Hoc|Any CPU.ActiveCfg = Release|Any CPU
		{A5525557-1471-4E20-A850-7F727F166F3F}.Ad-Hoc|Any CPU.Build.0 = Release|Any CPU
		{A5525557-1471-4E20-A850-7F727F166F3F}.Ad-Hoc|Any CPU.Deploy.0 = Release|Any CPU
		{A5525557-1471-4E20-A850-7F727F166F3F}.Ad-Hoc|ARM.ActiveCfg = Release|Any CPU
		{A5525557-1471-4E20-A850-7F727F166F3F}.Ad-Hoc|ARM.Build.0 = Release|Any CPU
		{A5525557-1471-4E20-A850-7F727F166F3F}.Ad-Hoc|ARM.Deploy.0 = Release|Any CPU
		{A5525557-1471-4E20-A850-7F727F166F3F}.Ad-Hoc|iPhone.ActiveCfg = Release|Any CPU
		{A5525557-1471-4E20-A850-7F727F166F3F}.Ad-Hoc|iPhone.Build.0 = Release|Any CPU
		{A5525557-1471-4E20-A850-7F727F166F3F}.Ad-Hoc|iPhone.Deploy.0 = Release|Any CPU
		{A5525557-1471-4E20-A850-7F727F166F3F}.Ad-Hoc|iPhoneSimulator.ActiveCfg = Release|Any CPU
		{A5525557-1471-4E20-A850-7F727F166F3F}.Ad-Hoc|iPhoneSimulator.Build.0 = Release|Any CPU
		{A5525557-1471-4E20-A850-7F727F166F3F}.Ad-Hoc|iPhoneSimulator.Deploy.0 = Release|Any CPU
		{A5525557-1471-4E20-A850-7F727F166F3F}.Ad-Hoc|x64.ActiveCfg = Release|Any CPU
		{A5525557-1471-4E20-A850-7F727F166F3F}.Ad-Hoc|x64.Build.0 = Release|Any CPU
		{A5525557-1471-4E20-A850-7F727F166F3F}.Ad-Hoc|x64.Deploy.0 = Release|Any CPU
		{A5525557-1471-4E20-A850-7F727F166F3F}.Ad-Hoc|x86.ActiveCfg = Release|Any CPU
		{A5525557-1471-4E20-A850-7F727F166F3F}.Ad-Hoc|x86.Build.0 = Release|Any CPU
		{A5525557-1471-4E20-A850-7F727F166F3F}.Ad-Hoc|x86.Deploy.0 = Release|Any CPU
		{A5525557-1471-4E20-A850-7F727F166F3F}.AppStore|Any CPU.ActiveCfg = Release|Any CPU
		{A5525557-1471-4E20-A850-7F727F166F3F}.AppStore|Any CPU.Build.0 = Release|Any CPU
		{A5525557-1471-4E20-A850-7F727F166F3F}.AppStore|Any CPU.Deploy.0 = Release|Any CPU
		{A5525557-1471-4E20-A850-7F727F166F3F}.AppStore|ARM.ActiveCfg = Release|Any CPU
		{A5525557-1471-4E20-A850-7F727F166F3F}.AppStore|ARM.Build.0 = Release|Any CPU
		{A5525557-1471-4E20-A850-7F727F166F3F}.AppStore|ARM.Deploy.0 = Release|Any CPU
		{A5525557-1471-4E20-A850-7F727F166F3F}.AppStore|iPhone.ActiveCfg = Release|Any CPU
		{A5525557-1471-4E20-A850-7F727F166F3F}.AppStore|iPhone.Build.0 = Release|Any CPU
		{A5525557-1471-4E20-A850-7F727F166F3F}.AppStore|iPhone.Deploy.0 = Release|Any CPU
		{A5525557-1471-4E20-A850-7F727F166F3F}.AppStore|iPhoneSimulator.ActiveCfg = Release|Any CPU
		{A5525557-1471-4E20-A850-7F727F166F3F}.AppStore|iPhoneSimulator.Build.0 = Release|Any CPU
		{A5525557-1471-4E20-A850-7F727F166F3F}.AppStore|iPhoneSimulator.Deploy.0 = Release|Any CPU
		{A5525557-1471-4E20-A850-7F727F166F3F}.AppStore|x64.ActiveCfg = Release|Any CPU
		{A5525557-1471-4E20-A850-7F727F166F3F}.AppStore|x64.Build.0 = Release|Any CPU
		{A5525557-1471-4E20-A850-7F727F166F3F}.AppStore|x64.Deploy.0 = Release|Any CPU
		{A5525557-1471-4E20-A850-7F727F166F3F}.AppStore|x86.ActiveCfg = Release|Any CPU
		{A5525557-1471-4E20-A850-7F727F166F3F}.AppStore|x86.Build.0 = Release|Any CPU
		{A5525557-1471-4E20-A850-7F727F166F3F}.AppStore|x86.Deploy.0 = Release|Any CPU
		{A5525557-1471-4E20-A850-7F727F166F3F}.Debug|Any CPU.ActiveCfg = Debug|Any CPU
		{A5525557-1471-4E20-A850-7F727F166F3F}.Debug|Any CPU.Build.0 = Debug|Any CPU
		{A5525557-1471-4E20-A850-7F727F166F3F}.Debug|Any CPU.Deploy.0 = Debug|Any CPU
		{A5525557-1471-4E20-A850-7F727F166F3F}.Debug|ARM.ActiveCfg = Debug|Any CPU
		{A5525557-1471-4E20-A850-7F727F166F3F}.Debug|ARM.Build.0 = Debug|Any CPU
		{A5525557-1471-4E20-A850-7F727F166F3F}.Debug|ARM.Deploy.0 = Debug|Any CPU
		{A5525557-1471-4E20-A850-7F727F166F3F}.Debug|iPhone.ActiveCfg = Debug|Any CPU
		{A5525557-1471-4E20-A850-7F727F166F3F}.Debug|iPhone.Build.0 = Debug|Any CPU
		{A5525557-1471-4E20-A850-7F727F166F3F}.Debug|iPhone.Deploy.0 = Debug|Any CPU
		{A5525557-1471-4E20-A850-7F727F166F3F}.Debug|iPhoneSimulator.ActiveCfg = Debug|Any CPU
		{A5525557-1471-4E20-A850-7F727F166F3F}.Debug|iPhoneSimulator.Build.0 = Debug|Any CPU
		{A5525557-1471-4E20-A850-7F727F166F3F}.Debug|iPhoneSimulator.Deploy.0 = Debug|Any CPU
		{A5525557-1471-4E20-A850-7F727F166F3F}.Debug|x64.ActiveCfg = Debug|Any CPU
		{A5525557-1471-4E20-A850-7F727F166F3F}.Debug|x64.Build.0 = Debug|Any CPU
		{A5525557-1471-4E20-A850-7F727F166F3F}.Debug|x64.Deploy.0 = Debug|Any CPU
		{A5525557-1471-4E20-A850-7F727F166F3F}.Debug|x86.ActiveCfg = Debug|Any CPU
		{A5525557-1471-4E20-A850-7F727F166F3F}.Debug|x86.Build.0 = Debug|Any CPU
		{A5525557-1471-4E20-A850-7F727F166F3F}.Debug|x86.Deploy.0 = Debug|Any CPU
		{A5525557-1471-4E20-A850-7F727F166F3F}.Release|Any CPU.ActiveCfg = Release|Any CPU
		{A5525557-1471-4E20-A850-7F727F166F3F}.Release|Any CPU.Build.0 = Release|Any CPU
		{A5525557-1471-4E20-A850-7F727F166F3F}.Release|Any CPU.Deploy.0 = Release|Any CPU
		{A5525557-1471-4E20-A850-7F727F166F3F}.Release|ARM.ActiveCfg = Release|Any CPU
		{A5525557-1471-4E20-A850-7F727F166F3F}.Release|ARM.Build.0 = Release|Any CPU
		{A5525557-1471-4E20-A850-7F727F166F3F}.Release|ARM.Deploy.0 = Release|Any CPU
		{A5525557-1471-4E20-A850-7F727F166F3F}.Release|iPhone.ActiveCfg = Release|Any CPU
		{A5525557-1471-4E20-A850-7F727F166F3F}.Release|iPhone.Build.0 = Release|Any CPU
		{A5525557-1471-4E20-A850-7F727F166F3F}.Release|iPhone.Deploy.0 = Release|Any CPU
		{A5525557-1471-4E20-A850-7F727F166F3F}.Release|iPhoneSimulator.ActiveCfg = Release|Any CPU
		{A5525557-1471-4E20-A850-7F727F166F3F}.Release|iPhoneSimulator.Build.0 = Release|Any CPU
		{A5525557-1471-4E20-A850-7F727F166F3F}.Release|iPhoneSimulator.Deploy.0 = Release|Any CPU
		{A5525557-1471-4E20-A850-7F727F166F3F}.Release|x64.ActiveCfg = Release|Any CPU
		{A5525557-1471-4E20-A850-7F727F166F3F}.Release|x64.Build.0 = Release|Any CPU
		{A5525557-1471-4E20-A850-7F727F166F3F}.Release|x64.Deploy.0 = Release|Any CPU
		{A5525557-1471-4E20-A850-7F727F166F3F}.Release|x86.ActiveCfg = Release|Any CPU
		{A5525557-1471-4E20-A850-7F727F166F3F}.Release|x86.Build.0 = Release|Any CPU
		{A5525557-1471-4E20-A850-7F727F166F3F}.Release|x86.Deploy.0 = Release|Any CPU
		{0D152A23-10A5-457E-A99A-250FF68F77C0}.Ad-Hoc|Any CPU.ActiveCfg = Release|Any CPU
		{0D152A23-10A5-457E-A99A-250FF68F77C0}.Ad-Hoc|Any CPU.Build.0 = Release|Any CPU
		{0D152A23-10A5-457E-A99A-250FF68F77C0}.Ad-Hoc|ARM.ActiveCfg = Release|Any CPU
		{0D152A23-10A5-457E-A99A-250FF68F77C0}.Ad-Hoc|ARM.Build.0 = Release|Any CPU
		{0D152A23-10A5-457E-A99A-250FF68F77C0}.Ad-Hoc|iPhone.ActiveCfg = Release|Any CPU
		{0D152A23-10A5-457E-A99A-250FF68F77C0}.Ad-Hoc|iPhone.Build.0 = Release|Any CPU
		{0D152A23-10A5-457E-A99A-250FF68F77C0}.Ad-Hoc|iPhoneSimulator.ActiveCfg = Release|Any CPU
		{0D152A23-10A5-457E-A99A-250FF68F77C0}.Ad-Hoc|iPhoneSimulator.Build.0 = Release|Any CPU
		{0D152A23-10A5-457E-A99A-250FF68F77C0}.Ad-Hoc|x64.ActiveCfg = Release|Any CPU
		{0D152A23-10A5-457E-A99A-250FF68F77C0}.Ad-Hoc|x64.Build.0 = Release|Any CPU
		{0D152A23-10A5-457E-A99A-250FF68F77C0}.Ad-Hoc|x86.ActiveCfg = Release|Any CPU
		{0D152A23-10A5-457E-A99A-250FF68F77C0}.Ad-Hoc|x86.Build.0 = Release|Any CPU
		{0D152A23-10A5-457E-A99A-250FF68F77C0}.AppStore|Any CPU.ActiveCfg = Release|Any CPU
		{0D152A23-10A5-457E-A99A-250FF68F77C0}.AppStore|Any CPU.Build.0 = Release|Any CPU
		{0D152A23-10A5-457E-A99A-250FF68F77C0}.AppStore|ARM.ActiveCfg = Release|Any CPU
		{0D152A23-10A5-457E-A99A-250FF68F77C0}.AppStore|ARM.Build.0 = Release|Any CPU
		{0D152A23-10A5-457E-A99A-250FF68F77C0}.AppStore|iPhone.ActiveCfg = Release|Any CPU
		{0D152A23-10A5-457E-A99A-250FF68F77C0}.AppStore|iPhone.Build.0 = Release|Any CPU
		{0D152A23-10A5-457E-A99A-250FF68F77C0}.AppStore|iPhoneSimulator.ActiveCfg = Release|Any CPU
		{0D152A23-10A5-457E-A99A-250FF68F77C0}.AppStore|iPhoneSimulator.Build.0 = Release|Any CPU
		{0D152A23-10A5-457E-A99A-250FF68F77C0}.AppStore|x64.ActiveCfg = Release|Any CPU
		{0D152A23-10A5-457E-A99A-250FF68F77C0}.AppStore|x64.Build.0 = Release|Any CPU
		{0D152A23-10A5-457E-A99A-250FF68F77C0}.AppStore|x86.ActiveCfg = Release|Any CPU
		{0D152A23-10A5-457E-A99A-250FF68F77C0}.AppStore|x86.Build.0 = Release|Any CPU
		{0D152A23-10A5-457E-A99A-250FF68F77C0}.Debug|Any CPU.ActiveCfg = Debug|Any CPU
		{0D152A23-10A5-457E-A99A-250FF68F77C0}.Debug|Any CPU.Build.0 = Debug|Any CPU
		{0D152A23-10A5-457E-A99A-250FF68F77C0}.Debug|ARM.ActiveCfg = Debug|Any CPU
		{0D152A23-10A5-457E-A99A-250FF68F77C0}.Debug|ARM.Build.0 = Debug|Any CPU
		{0D152A23-10A5-457E-A99A-250FF68F77C0}.Debug|iPhone.ActiveCfg = Debug|Any CPU
		{0D152A23-10A5-457E-A99A-250FF68F77C0}.Debug|iPhone.Build.0 = Debug|Any CPU
		{0D152A23-10A5-457E-A99A-250FF68F77C0}.Debug|iPhoneSimulator.ActiveCfg = Debug|Any CPU
		{0D152A23-10A5-457E-A99A-250FF68F77C0}.Debug|iPhoneSimulator.Build.0 = Debug|Any CPU
		{0D152A23-10A5-457E-A99A-250FF68F77C0}.Debug|x64.ActiveCfg = Debug|Any CPU
		{0D152A23-10A5-457E-A99A-250FF68F77C0}.Debug|x64.Build.0 = Debug|Any CPU
		{0D152A23-10A5-457E-A99A-250FF68F77C0}.Debug|x86.ActiveCfg = Debug|Any CPU
		{0D152A23-10A5-457E-A99A-250FF68F77C0}.Debug|x86.Build.0 = Debug|Any CPU
		{0D152A23-10A5-457E-A99A-250FF68F77C0}.Release|Any CPU.ActiveCfg = Release|Any CPU
		{0D152A23-10A5-457E-A99A-250FF68F77C0}.Release|Any CPU.Build.0 = Release|Any CPU
		{0D152A23-10A5-457E-A99A-250FF68F77C0}.Release|ARM.ActiveCfg = Release|Any CPU
		{0D152A23-10A5-457E-A99A-250FF68F77C0}.Release|ARM.Build.0 = Release|Any CPU
		{0D152A23-10A5-457E-A99A-250FF68F77C0}.Release|iPhone.ActiveCfg = Release|Any CPU
		{0D152A23-10A5-457E-A99A-250FF68F77C0}.Release|iPhone.Build.0 = Release|Any CPU
		{0D152A23-10A5-457E-A99A-250FF68F77C0}.Release|iPhoneSimulator.ActiveCfg = Release|Any CPU
		{0D152A23-10A5-457E-A99A-250FF68F77C0}.Release|iPhoneSimulator.Build.0 = Release|Any CPU
		{0D152A23-10A5-457E-A99A-250FF68F77C0}.Release|x64.ActiveCfg = Release|Any CPU
		{0D152A23-10A5-457E-A99A-250FF68F77C0}.Release|x64.Build.0 = Release|Any CPU
		{0D152A23-10A5-457E-A99A-250FF68F77C0}.Release|x86.ActiveCfg = Release|Any CPU
		{0D152A23-10A5-457E-A99A-250FF68F77C0}.Release|x86.Build.0 = Release|Any CPU
		{A0619CED-866F-4F48-A472-A338C8EC14AA}.Ad-Hoc|Any CPU.ActiveCfg = Release|x86
		{A0619CED-866F-4F48-A472-A338C8EC14AA}.Ad-Hoc|Any CPU.Build.0 = Release|x86
		{A0619CED-866F-4F48-A472-A338C8EC14AA}.Ad-Hoc|Any CPU.Deploy.0 = Release|x86
		{A0619CED-866F-4F48-A472-A338C8EC14AA}.Ad-Hoc|ARM.ActiveCfg = Release|ARM
		{A0619CED-866F-4F48-A472-A338C8EC14AA}.Ad-Hoc|ARM.Build.0 = Release|ARM
		{A0619CED-866F-4F48-A472-A338C8EC14AA}.Ad-Hoc|ARM.Deploy.0 = Release|ARM
		{A0619CED-866F-4F48-A472-A338C8EC14AA}.Ad-Hoc|iPhone.ActiveCfg = Release|x86
		{A0619CED-866F-4F48-A472-A338C8EC14AA}.Ad-Hoc|iPhone.Build.0 = Release|x86
		{A0619CED-866F-4F48-A472-A338C8EC14AA}.Ad-Hoc|iPhone.Deploy.0 = Release|x86
		{A0619CED-866F-4F48-A472-A338C8EC14AA}.Ad-Hoc|iPhoneSimulator.ActiveCfg = Release|x86
		{A0619CED-866F-4F48-A472-A338C8EC14AA}.Ad-Hoc|iPhoneSimulator.Build.0 = Release|x86
		{A0619CED-866F-4F48-A472-A338C8EC14AA}.Ad-Hoc|iPhoneSimulator.Deploy.0 = Release|x86
		{A0619CED-866F-4F48-A472-A338C8EC14AA}.Ad-Hoc|x64.ActiveCfg = Release|x64
		{A0619CED-866F-4F48-A472-A338C8EC14AA}.Ad-Hoc|x64.Build.0 = Release|x64
		{A0619CED-866F-4F48-A472-A338C8EC14AA}.Ad-Hoc|x64.Deploy.0 = Release|x64
		{A0619CED-866F-4F48-A472-A338C8EC14AA}.Ad-Hoc|x86.ActiveCfg = Release|x86
		{A0619CED-866F-4F48-A472-A338C8EC14AA}.Ad-Hoc|x86.Build.0 = Release|x86
		{A0619CED-866F-4F48-A472-A338C8EC14AA}.Ad-Hoc|x86.Deploy.0 = Release|x86
		{A0619CED-866F-4F48-A472-A338C8EC14AA}.AppStore|Any CPU.ActiveCfg = Release|x86
		{A0619CED-866F-4F48-A472-A338C8EC14AA}.AppStore|Any CPU.Build.0 = Release|x86
		{A0619CED-866F-4F48-A472-A338C8EC14AA}.AppStore|Any CPU.Deploy.0 = Release|x86
		{A0619CED-866F-4F48-A472-A338C8EC14AA}.AppStore|ARM.ActiveCfg = Release|ARM
		{A0619CED-866F-4F48-A472-A338C8EC14AA}.AppStore|ARM.Build.0 = Release|ARM
		{A0619CED-866F-4F48-A472-A338C8EC14AA}.AppStore|ARM.Deploy.0 = Release|ARM
		{A0619CED-866F-4F48-A472-A338C8EC14AA}.AppStore|iPhone.ActiveCfg = Release|x86
		{A0619CED-866F-4F48-A472-A338C8EC14AA}.AppStore|iPhone.Build.0 = Release|x86
		{A0619CED-866F-4F48-A472-A338C8EC14AA}.AppStore|iPhone.Deploy.0 = Release|x86
		{A0619CED-866F-4F48-A472-A338C8EC14AA}.AppStore|iPhoneSimulator.ActiveCfg = Release|x86
		{A0619CED-866F-4F48-A472-A338C8EC14AA}.AppStore|iPhoneSimulator.Build.0 = Release|x86
		{A0619CED-866F-4F48-A472-A338C8EC14AA}.AppStore|iPhoneSimulator.Deploy.0 = Release|x86
		{A0619CED-866F-4F48-A472-A338C8EC14AA}.AppStore|x64.ActiveCfg = Release|x64
		{A0619CED-866F-4F48-A472-A338C8EC14AA}.AppStore|x64.Build.0 = Release|x64
		{A0619CED-866F-4F48-A472-A338C8EC14AA}.AppStore|x64.Deploy.0 = Release|x64
		{A0619CED-866F-4F48-A472-A338C8EC14AA}.AppStore|x86.ActiveCfg = Release|x86
		{A0619CED-866F-4F48-A472-A338C8EC14AA}.AppStore|x86.Build.0 = Release|x86
		{A0619CED-866F-4F48-A472-A338C8EC14AA}.AppStore|x86.Deploy.0 = Release|x86
		{A0619CED-866F-4F48-A472-A338C8EC14AA}.Debug|Any CPU.ActiveCfg = Debug|x86
		{A0619CED-866F-4F48-A472-A338C8EC14AA}.Debug|ARM.ActiveCfg = Debug|ARM
		{A0619CED-866F-4F48-A472-A338C8EC14AA}.Debug|ARM.Build.0 = Debug|ARM
		{A0619CED-866F-4F48-A472-A338C8EC14AA}.Debug|ARM.Deploy.0 = Debug|ARM
		{A0619CED-866F-4F48-A472-A338C8EC14AA}.Debug|iPhone.ActiveCfg = Debug|x86
		{A0619CED-866F-4F48-A472-A338C8EC14AA}.Debug|iPhoneSimulator.ActiveCfg = Debug|x86
		{A0619CED-866F-4F48-A472-A338C8EC14AA}.Debug|x64.ActiveCfg = Debug|x64
		{A0619CED-866F-4F48-A472-A338C8EC14AA}.Debug|x64.Build.0 = Debug|x64
		{A0619CED-866F-4F48-A472-A338C8EC14AA}.Debug|x64.Deploy.0 = Debug|x64
		{A0619CED-866F-4F48-A472-A338C8EC14AA}.Debug|x86.ActiveCfg = Debug|x86
		{A0619CED-866F-4F48-A472-A338C8EC14AA}.Debug|x86.Build.0 = Debug|x86
		{A0619CED-866F-4F48-A472-A338C8EC14AA}.Debug|x86.Deploy.0 = Debug|x86
		{A0619CED-866F-4F48-A472-A338C8EC14AA}.Release|Any CPU.ActiveCfg = Release|x86
		{A0619CED-866F-4F48-A472-A338C8EC14AA}.Release|ARM.ActiveCfg = Release|ARM
		{A0619CED-866F-4F48-A472-A338C8EC14AA}.Release|ARM.Build.0 = Release|ARM
		{A0619CED-866F-4F48-A472-A338C8EC14AA}.Release|ARM.Deploy.0 = Release|ARM
		{A0619CED-866F-4F48-A472-A338C8EC14AA}.Release|iPhone.ActiveCfg = Release|x86
		{A0619CED-866F-4F48-A472-A338C8EC14AA}.Release|iPhoneSimulator.ActiveCfg = Release|x86
		{A0619CED-866F-4F48-A472-A338C8EC14AA}.Release|x64.ActiveCfg = Release|x64
		{A0619CED-866F-4F48-A472-A338C8EC14AA}.Release|x64.Build.0 = Release|x64
		{A0619CED-866F-4F48-A472-A338C8EC14AA}.Release|x64.Deploy.0 = Release|x64
		{A0619CED-866F-4F48-A472-A338C8EC14AA}.Release|x86.ActiveCfg = Release|x86
		{A0619CED-866F-4F48-A472-A338C8EC14AA}.Release|x86.Build.0 = Release|x86
		{A0619CED-866F-4F48-A472-A338C8EC14AA}.Release|x86.Deploy.0 = Release|x86
		{8DB9056F-7636-4BC8-99B0-CF7446FE85CE}.Ad-Hoc|Any CPU.ActiveCfg = Ad-Hoc|iPhoneSimulator
		{8DB9056F-7636-4BC8-99B0-CF7446FE85CE}.Ad-Hoc|ARM.ActiveCfg = Ad-Hoc|iPhone
		{8DB9056F-7636-4BC8-99B0-CF7446FE85CE}.Ad-Hoc|iPhone.ActiveCfg = Ad-Hoc|iPhone
		{8DB9056F-7636-4BC8-99B0-CF7446FE85CE}.Ad-Hoc|iPhone.Build.0 = Ad-Hoc|iPhone
		{8DB9056F-7636-4BC8-99B0-CF7446FE85CE}.Ad-Hoc|iPhoneSimulator.ActiveCfg = Ad-Hoc|iPhoneSimulator
		{8DB9056F-7636-4BC8-99B0-CF7446FE85CE}.Ad-Hoc|iPhoneSimulator.Build.0 = Ad-Hoc|iPhoneSimulator
		{8DB9056F-7636-4BC8-99B0-CF7446FE85CE}.Ad-Hoc|x64.ActiveCfg = Ad-Hoc|iPhone
		{8DB9056F-7636-4BC8-99B0-CF7446FE85CE}.Ad-Hoc|x86.ActiveCfg = Ad-Hoc|iPhone
		{8DB9056F-7636-4BC8-99B0-CF7446FE85CE}.AppStore|Any CPU.ActiveCfg = AppStore|iPhoneSimulator
		{8DB9056F-7636-4BC8-99B0-CF7446FE85CE}.AppStore|ARM.ActiveCfg = AppStore|iPhone
		{8DB9056F-7636-4BC8-99B0-CF7446FE85CE}.AppStore|iPhone.ActiveCfg = AppStore|iPhone
		{8DB9056F-7636-4BC8-99B0-CF7446FE85CE}.AppStore|iPhone.Build.0 = AppStore|iPhone
		{8DB9056F-7636-4BC8-99B0-CF7446FE85CE}.AppStore|iPhoneSimulator.ActiveCfg = AppStore|iPhoneSimulator
		{8DB9056F-7636-4BC8-99B0-CF7446FE85CE}.AppStore|iPhoneSimulator.Build.0 = AppStore|iPhoneSimulator
		{8DB9056F-7636-4BC8-99B0-CF7446FE85CE}.AppStore|x64.ActiveCfg = AppStore|iPhone
		{8DB9056F-7636-4BC8-99B0-CF7446FE85CE}.AppStore|x86.ActiveCfg = AppStore|iPhone
		{8DB9056F-7636-4BC8-99B0-CF7446FE85CE}.Debug|Any CPU.ActiveCfg = Debug|iPhoneSimulator
		{8DB9056F-7636-4BC8-99B0-CF7446FE85CE}.Debug|ARM.ActiveCfg = Debug|iPhone
		{8DB9056F-7636-4BC8-99B0-CF7446FE85CE}.Debug|iPhone.ActiveCfg = Debug|iPhone
		{8DB9056F-7636-4BC8-99B0-CF7446FE85CE}.Debug|iPhone.Build.0 = Debug|iPhone
		{8DB9056F-7636-4BC8-99B0-CF7446FE85CE}.Debug|iPhoneSimulator.ActiveCfg = Debug|iPhoneSimulator
		{8DB9056F-7636-4BC8-99B0-CF7446FE85CE}.Debug|iPhoneSimulator.Build.0 = Debug|iPhoneSimulator
		{8DB9056F-7636-4BC8-99B0-CF7446FE85CE}.Debug|x64.ActiveCfg = Debug|iPhone
		{8DB9056F-7636-4BC8-99B0-CF7446FE85CE}.Debug|x86.ActiveCfg = Debug|iPhone
		{8DB9056F-7636-4BC8-99B0-CF7446FE85CE}.Release|Any CPU.ActiveCfg = Release|iPhoneSimulator
		{8DB9056F-7636-4BC8-99B0-CF7446FE85CE}.Release|ARM.ActiveCfg = Release|iPhone
		{8DB9056F-7636-4BC8-99B0-CF7446FE85CE}.Release|iPhone.ActiveCfg = Release|iPhone
		{8DB9056F-7636-4BC8-99B0-CF7446FE85CE}.Release|iPhone.Build.0 = Release|iPhone
		{8DB9056F-7636-4BC8-99B0-CF7446FE85CE}.Release|iPhoneSimulator.ActiveCfg = Release|iPhoneSimulator
		{8DB9056F-7636-4BC8-99B0-CF7446FE85CE}.Release|iPhoneSimulator.Build.0 = Release|iPhoneSimulator
		{8DB9056F-7636-4BC8-99B0-CF7446FE85CE}.Release|x64.ActiveCfg = Release|iPhone
		{8DB9056F-7636-4BC8-99B0-CF7446FE85CE}.Release|x86.ActiveCfg = Release|iPhone
	EndGlobalSection
	GlobalSection(SolutionProperties) = preSolution
		HideSolutionNode = FALSE
	EndGlobalSection
	GlobalSection(ExtensibilityGlobals) = postSolution
		SolutionGuid = {6B861B37-A39C-4A02-8022-323111A68BC6}
	EndGlobalSection
EndGlobal
